
Microsoft Visual Studio Solution File, Format Version 12.00
# Visual Studio Version 16
VisualStudioVersion = 16.0.31729.503
MinimumVisualStudioVersion = 10.0.40219.1
Project("{FAE04EC0-301F-11D3-BF4B-00C04F79EFBC}") = "Example.LicenseClient", "Example.LicenseClient.csproj", "{B004AFBB-E4E0-41C4-B86A-565D6F2C6CC6}"
EndProject
Global
	GlobalSection(SolutionConfigurationPlatforms) = preSolution
		Debug|Any CPU = Debug|Any CPU
		Release|Any CPU = Release|Any CPU
	EndGlobalSection
	GlobalSection(ProjectConfigurationPlatforms) = postSolution
		{B004AFBB-E4E0-41C4-B86A-565D6F2C6CC6}.Debug|Any CPU.ActiveCfg = Debug|Any CPU
		{B004AFBB-E4E0-41C4-B86A-565D6F2C6CC6}.Debug|Any CPU.Build.0 = Debug|Any CPU
		{B004AFBB-E4E0-41C4-B86A-565D6F2C6CC6}.Release|Any CPU.ActiveCfg = Release|Any CPU
		{B004AFBB-E4E0-41C4-B86A-565D6F2C6CC6}.Release|Any CPU.Build.0 = Release|Any CPU
	EndGlobalSection
	GlobalSection(SolutionProperties) = preSolution
		HideSolutionNode = FALSE
	EndGlobalSection
	GlobalSection(ExtensibilityGlobals) = postSolution
		SolutionGuid = {5B6A6CDF-86CB-4D53-A96C-22999C9B91E2}
	EndGlobalSection
EndGlobal
